# This file is automatically @generated by Cargo.
# It is not intended for manual editing.
version = 3

[[package]]
name = "evaluation"
version = "0.1.1-alpha"
dependencies = [
 "game",
]

[[package]]
name = "game"
version = "0.1.1-alpha"

[[package]]
name = "reckless"
version = "0.1.1-alpha"
dependencies = [
 "evaluation",
 "game",
 "search",
]

[[package]]
name = "search"
version = "0.1.1-alpha"
dependencies = [
 "evaluation",
 "game",
]
